
Microsoft Visual Studio Solution File, Format Version 12.00
# Visual Studio Version 16
VisualStudioVersion = 16.0.28516.95
MinimumVisualStudioVersion = 10.0.40219.1
Project("{FAE04EC0-301F-11D3-BF4B-00C04F79EFBC}") = "Tag", "Tag\Tag.csproj", "{EECFDBE8-19E2-4AC3-BA1B-F2A658C0BBAA}"
EndProject
Project("{FAE04EC0-301F-11D3-BF4B-00C04F79EFBC}") = "Tag.Core", "Tag.Core\Tag.Core.csproj", "{4928D8C2-BF0B-41EC-AD58-1E4ED1DBA88B}"
EndProject
Project("{9A19103F-16F7-4668-BE54-9A1E7A4F7556}") = "ATL", "atldotnet\ATL\ATL.csproj", "{DE2EA61D-C6C5-458A-922B-C0AE6A680EBE}"
EndProject
Project("{FAE04EC0-301F-11D3-BF4B-00C04F79EFBC}") = "MaterialSkin", "MaterialSkin\MaterialSkin.csproj", "{8EB7611B-68CD-4B8B-987A-11717E2B250C}"
EndProject
Project("{FAE04EC0-301F-11D3-BF4B-00C04F79EFBC}") = "Tag.Setting", "Tag.Setting\Tag.Setting.csproj", "{9500FEDC-E74C-47C8-86C9-16BCD0285740}"
EndProject
Project("{FAE04EC0-301F-11D3-BF4B-00C04F79EFBC}") = "Status Alam", "Alarm\Status Alam.csproj", "{A0541BDA-B3E3-4B31-BBAF-002822D485E8}"
EndProject
Project("{2150E333-8FDC-42A3-9474-1A3956D46DE8}") = "External", "External", "{5F559F71-A7D2-474D-86F0-AA8F112DE1FE}"
EndProject
Project("{2150E333-8FDC-42A3-9474-1A3956D46DE8}") = "MyProject", "MyProject", "{C3E0C600-A17E-4095-AAED-43924A92C6E8}"
EndProject
Global
	GlobalSection(SolutionConfigurationPlatforms) = preSolution
		Debug|Any CPU = Debug|Any CPU
		Release|Any CPU = Release|Any CPU
	EndGlobalSection
	GlobalSection(ProjectConfigurationPlatforms) = postSolution
		{EECFDBE8-19E2-4AC3-BA1B-F2A658C0BBAA}.Debug|Any CPU.ActiveCfg = Debug|Any CPU
		{EECFDBE8-19E2-4AC3-BA1B-F2A658C0BBAA}.Debug|Any CPU.Build.0 = Debug|Any CPU
		{EECFDBE8-19E2-4AC3-BA1B-F2A658C0BBAA}.Release|Any CPU.ActiveCfg = Release|Any CPU
		{EECFDBE8-19E2-4AC3-BA1B-F2A658C0BBAA}.Release|Any CPU.Build.0 = Release|Any CPU
		{4928D8C2-BF0B-41EC-AD58-1E4ED1DBA88B}.Debug|Any CPU.ActiveCfg = Debug|Any CPU
		{4928D8C2-BF0B-41EC-AD58-1E4ED1DBA88B}.Debug|Any CPU.Build.0 = Debug|Any CPU
		{4928D8C2-BF0B-41EC-AD58-1E4ED1DBA88B}.Release|Any CPU.ActiveCfg = Release|Any CPU
		{4928D8C2-BF0B-41EC-AD58-1E4ED1DBA88B}.Release|Any CPU.Build.0 = Release|Any CPU
		{DE2EA61D-C6C5-458A-922B-C0AE6A680EBE}.Debug|Any CPU.ActiveCfg = Debug|Any CPU
		{DE2EA61D-C6C5-458A-922B-C0AE6A680EBE}.Debug|Any CPU.Build.0 = Debug|Any CPU
		{DE2EA61D-C6C5-458A-922B-C0AE6A680EBE}.Release|Any CPU.ActiveCfg = Release|Any CPU
		{DE2EA61D-C6C5-458A-922B-C0AE6A680EBE}.Release|Any CPU.Build.0 = Release|Any CPU
		{8EB7611B-68CD-4B8B-987A-11717E2B250C}.Debug|Any CPU.ActiveCfg = Debug|Any CPU
		{8EB7611B-68CD-4B8B-987A-11717E2B250C}.Debug|Any CPU.Build.0 = Debug|Any CPU
		{8EB7611B-68CD-4B8B-987A-11717E2B250C}.Release|Any CPU.ActiveCfg = Release|Any CPU
		{8EB7611B-68CD-4B8B-987A-11717E2B250C}.Release|Any CPU.Build.0 = Release|Any CPU
		{9500FEDC-E74C-47C8-86C9-16BCD0285740}.Debug|Any CPU.ActiveCfg = Debug|Any CPU
		{9500FEDC-E74C-47C8-86C9-16BCD0285740}.Debug|Any CPU.Build.0 = Debug|Any CPU
		{9500FEDC-E74C-47C8-86C9-16BCD0285740}.Release|Any CPU.ActiveCfg = Release|Any CPU
		{9500FEDC-E74C-47C8-86C9-16BCD0285740}.Release|Any CPU.Build.0 = Release|Any CPU
		{A0541BDA-B3E3-4B31-BBAF-002822D485E8}.Debug|Any CPU.ActiveCfg = Debug|Any CPU
		{A0541BDA-B3E3-4B31-BBAF-002822D485E8}.Debug|Any CPU.Build.0 = Debug|Any CPU
		{A0541BDA-B3E3-4B31-BBAF-002822D485E8}.Release|Any CPU.ActiveCfg = Release|Any CPU
		{A0541BDA-B3E3-4B31-BBAF-002822D485E8}.Release|Any CPU.Build.0 = Release|Any CPU
	EndGlobalSection
	GlobalSection(SolutionProperties) = preSolution
		HideSolutionNode = FALSE
	EndGlobalSection
	GlobalSection(NestedProjects) = preSolution
		{EECFDBE8-19E2-4AC3-BA1B-F2A658C0BBAA} = {C3E0C600-A17E-4095-AAED-43924A92C6E8}
		{4928D8C2-BF0B-41EC-AD58-1E4ED1DBA88B} = {C3E0C600-A17E-4095-AAED-43924A92C6E8}
		{DE2EA61D-C6C5-458A-922B-C0AE6A680EBE} = {5F559F71-A7D2-474D-86F0-AA8F112DE1FE}
		{8EB7611B-68CD-4B8B-987A-11717E2B250C} = {5F559F71-A7D2-474D-86F0-AA8F112DE1FE}
		{9500FEDC-E74C-47C8-86C9-16BCD0285740} = {C3E0C600-A17E-4095-AAED-43924A92C6E8}
		{A0541BDA-B3E3-4B31-BBAF-002822D485E8} = {C3E0C600-A17E-4095-AAED-43924A92C6E8}
	EndGlobalSection
	GlobalSection(ExtensibilityGlobals) = postSolution
		SolutionGuid = {EF956002-54AD-425F-9719-64DD45243FA7}
	EndGlobalSection
EndGlobal
