
Microsoft Visual Studio Solution File, Format Version 12.00
# Visual Studio 15
VisualStudioVersion = 15.0.28307.329
MinimumVisualStudioVersion = 10.0.40219.1
Project("{FAE04EC0-301F-11D3-BF4B-00C04F79EFBC}") = "Tag.Core", "Tag.Core\Tag.Core.csproj", "{4928D8C2-BF0B-41EC-AD58-1E4ED1DBA88B}"
EndProject
Project("{FAE04EC0-301F-11D3-BF4B-00C04F79EFBC}") = "Tag.Setting", "Tag.Setting\Tag.Setting.csproj", "{9500FEDC-E74C-47C8-86C9-16BCD0285740}"
EndProject
Project("{2150E333-8FDC-42A3-9474-1A3956D46DE8}") = "External", "External", "{5F559F71-A7D2-474D-86F0-AA8F112DE1FE}"
EndProject
Project("{2150E333-8FDC-42A3-9474-1A3956D46DE8}") = "MyProject", "MyProject", "{C3E0C600-A17E-4095-AAED-43924A92C6E8}"
EndProject
Project("{FAE04EC0-301F-11D3-BF4B-00C04F79EFBC}") = "Tag.WPF", "Tag.WPF\Tag.WPF.csproj", "{06F7746E-62D4-499D-BAAE-8FCE3DE59A5C}"
EndProject
Project("{2150E333-8FDC-42A3-9474-1A3956D46DE8}") = "Tool", "Tool", "{B9C5D761-FBBD-4B63-9BA2-F9021904E83E}"
EndProject
Project("{9A19103F-16F7-4668-BE54-9A1E7A4F7556}") = "ATL", "Extension\ATL\ATL\ATL.csproj", "{5EC3495B-BA31-41BA-8DD2-A934B1630DC5}"
EndProject
Project("{FAE04EC0-301F-11D3-BF4B-00C04F79EFBC}") = "ToastNotifications.Messages", "Extension\ToastNotifications\Src\ToastNotifications.Messages\ToastNotifications.Messages.csproj", "{4DE2F314-B19F-423E-92D8-7D3A7D9ACEA2}"
EndProject
Project("{FAE04EC0-301F-11D3-BF4B-00C04F79EFBC}") = "ToastNotifications", "Extension\ToastNotifications\Src\ToastNotifications\ToastNotifications.csproj", "{4A8879FC-9A6E-4904-910B-5C13FA5ED5BE}"
EndProject
Project("{FAE04EC0-301F-11D3-BF4B-00C04F79EFBC}") = "ProjectSetting", "ProjectSetting\ProjectSetting.csproj", "{D9943422-6F25-460B-B927-FFDB546DC667}"
EndProject
Global
	GlobalSection(SolutionConfigurationPlatforms) = preSolution
		Debug|Any CPU = Debug|Any CPU
		Release|Any CPU = Release|Any CPU
	EndGlobalSection
	GlobalSection(ProjectConfigurationPlatforms) = postSolution
		{4928D8C2-BF0B-41EC-AD58-1E4ED1DBA88B}.Debug|Any CPU.ActiveCfg = Debug|Any CPU
		{4928D8C2-BF0B-41EC-AD58-1E4ED1DBA88B}.Debug|Any CPU.Build.0 = Debug|Any CPU
		{4928D8C2-BF0B-41EC-AD58-1E4ED1DBA88B}.Release|Any CPU.ActiveCfg = Release|Any CPU
		{4928D8C2-BF0B-41EC-AD58-1E4ED1DBA88B}.Release|Any CPU.Build.0 = Release|Any CPU
		{9500FEDC-E74C-47C8-86C9-16BCD0285740}.Debug|Any CPU.ActiveCfg = Debug|Any CPU
		{9500FEDC-E74C-47C8-86C9-16BCD0285740}.Debug|Any CPU.Build.0 = Debug|Any CPU
		{9500FEDC-E74C-47C8-86C9-16BCD0285740}.Release|Any CPU.ActiveCfg = Release|Any CPU
		{9500FEDC-E74C-47C8-86C9-16BCD0285740}.Release|Any CPU.Build.0 = Release|Any CPU
		{06F7746E-62D4-499D-BAAE-8FCE3DE59A5C}.Debug|Any CPU.ActiveCfg = Debug|Any CPU
		{06F7746E-62D4-499D-BAAE-8FCE3DE59A5C}.Debug|Any CPU.Build.0 = Debug|Any CPU
		{06F7746E-62D4-499D-BAAE-8FCE3DE59A5C}.Release|Any CPU.ActiveCfg = Release|Any CPU
		{06F7746E-62D4-499D-BAAE-8FCE3DE59A5C}.Release|Any CPU.Build.0 = Release|Any CPU
		{5EC3495B-BA31-41BA-8DD2-A934B1630DC5}.Debug|Any CPU.ActiveCfg = Debug|Any CPU
		{5EC3495B-BA31-41BA-8DD2-A934B1630DC5}.Debug|Any CPU.Build.0 = Debug|Any CPU
		{5EC3495B-BA31-41BA-8DD2-A934B1630DC5}.Release|Any CPU.ActiveCfg = Release|Any CPU
		{5EC3495B-BA31-41BA-8DD2-A934B1630DC5}.Release|Any CPU.Build.0 = Release|Any CPU
		{4DE2F314-B19F-423E-92D8-7D3A7D9ACEA2}.Debug|Any CPU.ActiveCfg = Debug|Any CPU
		{4DE2F314-B19F-423E-92D8-7D3A7D9ACEA2}.Debug|Any CPU.Build.0 = Debug|Any CPU
		{4DE2F314-B19F-423E-92D8-7D3A7D9ACEA2}.Release|Any CPU.ActiveCfg = Release|Any CPU
		{4DE2F314-B19F-423E-92D8-7D3A7D9ACEA2}.Release|Any CPU.Build.0 = Release|Any CPU
		{4A8879FC-9A6E-4904-910B-5C13FA5ED5BE}.Debug|Any CPU.ActiveCfg = Debug|Any CPU
		{4A8879FC-9A6E-4904-910B-5C13FA5ED5BE}.Debug|Any CPU.Build.0 = Debug|Any CPU
		{4A8879FC-9A6E-4904-910B-5C13FA5ED5BE}.Release|Any CPU.ActiveCfg = Release|Any CPU
		{4A8879FC-9A6E-4904-910B-5C13FA5ED5BE}.Release|Any CPU.Build.0 = Release|Any CPU
		{D9943422-6F25-460B-B927-FFDB546DC667}.Debug|Any CPU.ActiveCfg = Debug|Any CPU
		{D9943422-6F25-460B-B927-FFDB546DC667}.Debug|Any CPU.Build.0 = Debug|Any CPU
		{D9943422-6F25-460B-B927-FFDB546DC667}.Release|Any CPU.ActiveCfg = Release|Any CPU
		{D9943422-6F25-460B-B927-FFDB546DC667}.Release|Any CPU.Build.0 = Release|Any CPU
	EndGlobalSection
	GlobalSection(SolutionProperties) = preSolution
		HideSolutionNode = FALSE
	EndGlobalSection
	GlobalSection(NestedProjects) = preSolution
		{4928D8C2-BF0B-41EC-AD58-1E4ED1DBA88B} = {C3E0C600-A17E-4095-AAED-43924A92C6E8}
		{9500FEDC-E74C-47C8-86C9-16BCD0285740} = {C3E0C600-A17E-4095-AAED-43924A92C6E8}
		{06F7746E-62D4-499D-BAAE-8FCE3DE59A5C} = {C3E0C600-A17E-4095-AAED-43924A92C6E8}
		{5EC3495B-BA31-41BA-8DD2-A934B1630DC5} = {5F559F71-A7D2-474D-86F0-AA8F112DE1FE}
		{4DE2F314-B19F-423E-92D8-7D3A7D9ACEA2} = {5F559F71-A7D2-474D-86F0-AA8F112DE1FE}
		{4A8879FC-9A6E-4904-910B-5C13FA5ED5BE} = {5F559F71-A7D2-474D-86F0-AA8F112DE1FE}
		{D9943422-6F25-460B-B927-FFDB546DC667} = {B9C5D761-FBBD-4B63-9BA2-F9021904E83E}
	EndGlobalSection
	GlobalSection(ExtensibilityGlobals) = postSolution
		SolutionGuid = {EF956002-54AD-425F-9719-64DD45243FA7}
	EndGlobalSection
EndGlobal
